
Microsoft Visual Studio Solution File, Format Version 12.00
# Visual Studio Version 16
VisualStudioVersion = 16.0.29728.190
MinimumVisualStudioVersion = 10.0.40219.1
Project("{FAE04EC0-301F-11D3-BF4B-00C04F79EFBC}") = "SpinLockingAndLockRecursion", "SpinLockingAndLockRecursion\SpinLockingAndLockRecursion.csproj", "{2BE9675D-1570-4361-B988-508253C09A90}"
EndProject
Project("{FAE04EC0-301F-11D3-BF4B-00C04F79EFBC}") = "LockRecusrion", "LockRecusrion\LockRecusrion.csproj", "{D9A1031A-F558-4504-B090-D73DC70ACCA5}"
EndProject
Global
	GlobalSection(SolutionConfigurationPlatforms) = preSolution
		Debug|Any CPU = Debug|Any CPU
		Release|Any CPU = Release|Any CPU
	EndGlobalSection
	GlobalSection(ProjectConfigurationPlatforms) = postSolution
		{2BE9675D-1570-4361-B988-508253C09A90}.Debug|Any CPU.ActiveCfg = Debug|Any CPU
		{2BE9675D-1570-4361-B988-508253C09A90}.Debug|Any CPU.Build.0 = Debug|Any CPU
		{2BE9675D-1570-4361-B988-508253C09A90}.Release|Any CPU.ActiveCfg = Release|Any CPU
		{2BE9675D-1570-4361-B988-508253C09A90}.Release|Any CPU.Build.0 = Release|Any CPU
		{D9A1031A-F558-4504-B090-D73DC70ACCA5}.Debug|Any CPU.ActiveCfg = Debug|Any CPU
		{D9A1031A-F558-4504-B090-D73DC70ACCA5}.Debug|Any CPU.Build.0 = Debug|Any CPU
		{D9A1031A-F558-4504-B090-D73DC70ACCA5}.Release|Any CPU.ActiveCfg = Release|Any CPU
		{D9A1031A-F558-4504-B090-D73DC70ACCA5}.Release|Any CPU.Build.0 = Release|Any CPU
	EndGlobalSection
	GlobalSection(SolutionProperties) = preSolution
		HideSolutionNode = FALSE
	EndGlobalSection
	GlobalSection(ExtensibilityGlobals) = postSolution
		SolutionGuid = {7BCF6BB1-DACF-4AEB-B513-4609024AC2BE}
	EndGlobalSection
EndGlobal
